
Microsoft Visual Studio Solution File, Format Version 12.00
# Visual Studio Version 17
VisualStudioVersion = 17.9.34728.123
MinimumVisualStudioVersion = 10.0.40219.1
Project("{FAE04EC0-301F-11D3-BF4B-00C04F79EFBC}") = "Syntax", "Syntax.csproj", "{0F2E1521-54E9-469C-B18B-E25983A7793C}"
EndProject
Global
	GlobalSection(SolutionConfigurationPlatforms) = preSolution
		Debug|Any CPU = Debug|Any CPU
		Release|Any CPU = Release|Any CPU
	EndGlobalSection
	GlobalSection(ProjectConfigurationPlatforms) = postSolution
		{0F2E1521-54E9-469C-B18B-E25983A7793C}.Debug|Any CPU.ActiveCfg = Debug|Any CPU
		{0F2E1521-54E9-469C-B18B-E25983A7793C}.Debug|Any CPU.Build.0 = Debug|Any CPU
		{0F2E1521-54E9-469C-B18B-E25983A7793C}.Release|Any CPU.ActiveCfg = Release|Any CPU
		{0F2E1521-54E9-469C-B18B-E25983A7793C}.Release|Any CPU.Build.0 = Release|Any CPU
	EndGlobalSection
	GlobalSection(SolutionProperties) = preSolution
		HideSolutionNode = FALSE
	EndGlobalSection
	GlobalSection(ExtensibilityGlobals) = postSolution
		SolutionGuid = {5B6D3C7F-4E5E-4F3A-A179-1D0D1888147D}
	EndGlobalSection
EndGlobal
